
Microsoft Visual Studio Solution File, Format Version 12.00
# Visual Studio Version 16
VisualStudioVersion = 16.0.31624.102
MinimumVisualStudioVersion = 10.0.40219.1
Project("{FAE04EC0-301F-11D3-BF4B-00C04F79EFBC}") = "files", "files\files.csproj", "{61A35BA4-B4D5-4840-9410-8AF222B3CA02}"
EndProject
Global
	GlobalSection(SolutionConfigurationPlatforms) = preSolution
		Debug|Any CPU = Debug|Any CPU
		Release|Any CPU = Release|Any CPU
	EndGlobalSection
	GlobalSection(ProjectConfigurationPlatforms) = postSolution
		{61A35BA4-B4D5-4840-9410-8AF222B3CA02}.Debug|Any CPU.ActiveCfg = Debug|Any CPU
		{61A35BA4-B4D5-4840-9410-8AF222B3CA02}.Debug|Any CPU.Build.0 = Debug|Any CPU
		{61A35BA4-B4D5-4840-9410-8AF222B3CA02}.Release|Any CPU.ActiveCfg = Release|Any CPU
		{61A35BA4-B4D5-4840-9410-8AF222B3CA02}.Release|Any CPU.Build.0 = Release|Any CPU
	EndGlobalSection
	GlobalSection(SolutionProperties) = preSolution
		HideSolutionNode = FALSE
	EndGlobalSection
	GlobalSection(ExtensibilityGlobals) = postSolution
		SolutionGuid = {3A6401E1-D2F1-4DCA-9BA0-7C907A012340}
	EndGlobalSection
EndGlobal
